{
  "name": "decameronPlantillas",
  "version": "0.0.1",
  "lockfileVersion": 2,
  "requires": true,
  "packages": {
    "": {
      "name": "decameronPlantillas",
      "version": "0.0.1",
      "devDependencies": {
        "@types/node": "^18.11.11",
        "@types/vscode": "^1.32.0"
      },
      "engines": {
        "vscode": "^1.73.0"
      }
    },
    "node_modules/@types/node": {
      "version": "18.11.11",
      "resolved": "https://registry.npmjs.org/@types/node/-/node-18.11.11.tgz",
      "integrity": "sha512-KJ021B1nlQUBLopzZmPBVuGU9un7WJd/W4ya7Ih02B4Uwky5Nja0yGYav2EfYIk0RR2Q9oVhf60S2XR1BCWJ2g==",
      "dev": true
    },
    "node_modules/@types/vscode": {
      "version": "1.73.1",
      "resolved": "https://registry.npmjs.org/@types/vscode/-/vscode-1.73.1.tgz",
      "integrity": "sha512-eArfOrAoZVV+Ao9zQOCaFNaeXj4kTCD+bGS2gyNgIFZH9xVMuLMlRrEkhb22NyxycFWKV1UyTh03vhaVHmqVMg==",
      "dev": true
    }
  },
  "dependencies": {
    "@types/node": {
      "version": "18.11.11",
      "resolved": "https://registry.npmjs.org/@types/node/-/node-18.11.11.tgz",
      "integrity": "sha512-KJ021B1nlQUBLopzZmPBVuGU9un7WJd/W4ya7Ih02B4Uwky5Nja0yGYav2EfYIk0RR2Q9oVhf60S2XR1BCWJ2g==",
      "dev": true
    },
    "@types/vscode": {
      "version": "1.73.1",
      "resolved": "https://registry.npmjs.org/@types/vscode/-/vscode-1.73.1.tgz",
      "integrity": "sha512-eArfOrAoZVV+Ao9zQOCaFNaeXj4kTCD+bGS2gyNgIFZH9xVMuLMlRrEkhb22NyxycFWKV1UyTh03vhaVHmqVMg==",
      "dev": true
    }
  }
}
